
Microsoft Visual Studio Solution File, Format Version 12.00
# Visual Studio Version 16
VisualStudioVersion = 16.0.31729.503
MinimumVisualStudioVersion = 10.0.40219.1
Project("{FAE04EC0-301F-11D3-BF4B-00C04F79EFBC}") = "CW2 Getting Into Git", "CW2 Getting Into Git\CW2 Getting Into Git.csproj", "{05A6929E-6346-4946-9C03-28C22CD53B55}"
EndProject
Global
	GlobalSection(SolutionConfigurationPlatforms) = preSolution
		Debug|Any CPU = Debug|Any CPU
		Release|Any CPU = Release|Any CPU
	EndGlobalSection
	GlobalSection(ProjectConfigurationPlatforms) = postSolution
		{05A6929E-6346-4946-9C03-28C22CD53B55}.Debug|Any CPU.ActiveCfg = Debug|Any CPU
		{05A6929E-6346-4946-9C03-28C22CD53B55}.Debug|Any CPU.Build.0 = Debug|Any CPU
		{05A6929E-6346-4946-9C03-28C22CD53B55}.Release|Any CPU.ActiveCfg = Release|Any CPU
		{05A6929E-6346-4946-9C03-28C22CD53B55}.Release|Any CPU.Build.0 = Release|Any CPU
	EndGlobalSection
	GlobalSection(SolutionProperties) = preSolution
		HideSolutionNode = FALSE
	EndGlobalSection
	GlobalSection(ExtensibilityGlobals) = postSolution
		SolutionGuid = {2A15FD5D-5C26-41FC-987E-655EDA842325}
	EndGlobalSection
EndGlobal
